// !$*UTF8*$!
{
	archiveVersion = 1;
	classes = {
	};
	objectVersion = 46;
	objects = {

/* Begin PBXBuildFile section */
		6B3556E81B4F07EA004E673E /* AppDelegate.swift in Sources */ = {isa = PBXBuildFile; fileRef = 6B3556E71B4F07EA004E673E /* AppDelegate.swift */; };
		6B3556EA1B4F07EA004E673E /* GameScene.sks in Resources */ = {isa = PBXBuildFile; fileRef = 6B3556E91B4F07EA004E673E /* GameScene.sks */; };
		6B3556EC1B4F07EA004E673E /* GameScene.swift in Sources */ = {isa = PBXBuildFile; fileRef = 6B3556EB1B4F07EA004E673E /* GameScene.swift */; };
		6B3556EE1B4F07EA004E673E /* GameViewController.swift in Sources */ = {isa = PBXBuildFile; fileRef = 6B3556ED1B4F07EA004E673E /* GameViewController.swift */; };
		6B3556F11B4F07EA004E673E /* Main.storyboard in Resources */ = {isa = PBXBuildFile; fileRef = 6B3556EF1B4F07EA004E673E /* Main.storyboard */; };
		6B3556F31B4F07EA004E673E /* Images.xcassets in Resources */ = {isa = PBXBuildFile; fileRef = 6B3556F21B4F07EA004E673E /* Images.xcassets */; };
		6B3556F61B4F07EA004E673E /* LaunchScreen.xib in Resources */ = {isa = PBXBuildFile; fileRef = 6B3556F41B4F07EA004E673E /* LaunchScreen.xib */; };
		6B3557021B4F07EA004E673E /* touch_touchTests.swift in Sources */ = {isa = PBXBuildFile; fileRef = 6B3557011B4F07EA004E673E /* touch_touchTests.swift */; };
/* End PBXBuildFile section */

/* Begin PBXContainerItemProxy section */
		6B3556FC1B4F07EA004E673E /* PBXContainerItemProxy */ = {
			isa = PBXContainerItemProxy;
			containerPortal = 6B3556DA1B4F07EA004E673E /* Project object */;
			proxyType = 1;
			remoteGlobalIDString = 6B3556E11B4F07EA004E673E;
			remoteInfo = "touch-touch";
		};
/* End PBXContainerItemProxy section */

/* Begin PBXFileReference section */
		6B3556E21B4F07EA004E673E /* touch-touch.app */ = {isa = PBXFileReference; explicitFileType = wrapper.application; includeInIndex = 0; path = "touch-touch.app"; sourceTree = BUILT_PRODUCTS_DIR; };
		6B3556E61B4F07EA004E673E /* Info.plist */ = {isa = PBXFileReference; lastKnownFileType = text.plist.xml; path = Info.plist; sourceTree = "<group>"; };
		6B3556E71B4F07EA004E673E /* AppDelegate.swift */ = {isa = PBXFileReference; lastKnownFileType = sourcecode.swift; path = AppDelegate.swift; sourceTree = "<group>"; };
		6B3556E91B4F07EA004E673E /* GameScene.sks */ = {isa = PBXFileReference; lastKnownFileType = file.sks; path = GameScene.sks; sourceTree = "<group>"; };
		6B3556EB1B4F07EA004E673E /* GameScene.swift */ = {isa = PBXFileReference; lastKnownFileType = sourcecode.swift; path = GameScene.swift; sourceTree = "<group>"; };
		6B3556ED1B4F07EA004E673E /* GameViewController.swift */ = {isa = PBXFileReference; lastKnownFileType = sourcecode.swift; path = GameViewController.swift; sourceTree = "<group>"; };
		6B3556F01B4F07EA004E673E /* Base */ = {isa = PBXFileReference; lastKnownFileType = file.storyboard; name = Base; path = Base.lproj/Main.storyboard; sourceTree = "<group>"; };
		6B3556F21B4F07EA004E673E /* Images.xcassets */ = {isa = PBXFileReference; lastKnownFileType = folder.assetcatalog; path = Images.xcassets; sourceTree = "<group>"; };
		6B3556F51B4F07EA004E673E /* Base */ = {isa = PBXFileReference; lastKnownFileType = file.xib; name = Base; path = Base.lproj/LaunchScreen.xib; sourceTree = "<group>"; };
		6B3556FB1B4F07EA004E673E /* touch-touchTests.xctest */ = {isa = PBXFileReference; explicitFileType = wrapper.cfbundle; includeInIndex = 0; path = "touch-touchTests.xctest"; sourceTree = BUILT_PRODUCTS_DIR; };
		6B3557001B4F07EA004E673E /* Info.plist */ = {isa = PBXFileReference; lastKnownFileType = text.plist.xml; path = Info.plist; sourceTree = "<group>"; };
		6B3557011B4F07EA004E673E /* touch_touchTests.swift */ = {isa = PBXFileReference; lastKnownFileType = sourcecode.swift; path = touch_touchTests.swift; sourceTree = "<group>"; };
/* End PBXFileReference section */

/* Begin PBXFrameworksBuildPhase section */
		6B3556DF1B4F07EA004E673E /* Frameworks */ = {
			isa = PBXFrameworksBuildPhase;
			buildActionMask = 2147483647;
			files = (
			);
			runOnlyForDeploymentPostprocessing = 0;
		};
		6B3556F81B4F07EA004E673E /* Frameworks */ = {
			isa = PBXFrameworksBuildPhase;
			buildActionMask = 2147483647;
			files = (
			);
			runOnlyForDeploymentPostprocessing = 0;
		};
/* End PBXFrameworksBuildPhase section */

/* Begin PBXGroup section */
		6B3556D91B4F07EA004E673E = {
			isa = PBXGroup;
			children = (
				6B3556E41B4F07EA004E673E /* touch-touch */,
				6B3556FE1B4F07EA004E673E /* touch-touchTests */,
				6B3556E31B4F07EA004E673E /* Products */,
			);
			sourceTree = "<group>";
		};
		6B3556E31B4F07EA004E673E /* Products */ = {
			isa = PBXGroup;
			children = (
				6B3556E21B4F07EA004E673E /* touch-touch.app */,
				6B3556FB1B4F07EA004E673E /* touch-touchTests.xctest */,
			);
			name = Products;
			sourceTree = "<group>";
		};
		6B3556E41B4F07EA004E673E /* touch-touch */ = {
			isa = PBXGroup;
			children = (
				6B3556E71B4F07EA004E673E /* AppDelegate.swift */,
				6B3556E91B4F07EA004E673E /* GameScene.sks */,
				6B3556EB1B4F07EA004E673E /* GameScene.swift */,
				6B3556ED1B4F07EA004E673E /* GameViewController.swift */,
				6B3556EF1B4F07EA004E673E /* Main.storyboard */,
				6B3556F21B4F07EA004E673E /* Images.xcassets */,
				6B3556F41B4F07EA004E673E /* LaunchScreen.xib */,
				6B3556E51B4F07EA004E673E /* Supporting Files */,
			);
			path = "touch-touch";
			sourceTree = "<group>";
		};
		6B3556E51B4F07EA004E673E /* Supporting Files */ = {
			isa = PBXGroup;
			children = (
				6B3556E61B4F07EA004E673E /* Info.plist */,
			);
			name = "Supporting Files";
			sourceTree = "<group>";
		};
		6B3556FE1B4F07EA004E673E /* touch-touchTests */ = {
			isa = PBXGroup;
			children = (
				6B3557011B4F07EA004E673E /* touch_touchTests.swift */,
				6B3556FF1B4F07EA004E673E /* Supporting Files */,
			);
			path = "touch-touchTests";
			sourceTree = "<group>";
		};
		6B3556FF1B4F07EA004E673E /* Supporting Files */ = {
			isa = PBXGroup;
			children = (
				6B3557001B4F07EA004E673E /* Info.plist */,
			);
			name = "Supporting Files";
			sourceTree = "<group>";
		};
/* End PBXGroup section */

/* Begin PBXNativeTarget section */
		6B3556E11B4F07EA004E673E /* touch-touch */ = {
			isa = PBXNativeTarget;
			buildConfigurationList = 6B3557051B4F07EA004E673E /* Build configuration list for PBXNativeTarget "touch-touch" */;
			buildPhases = (
				6B3556DE1B4F07EA004E673E /* Sources */,
				6B3556DF1B4F07EA004E673E /* Frameworks */,
				6B3556E01B4F07EA004E673E /* Resources */,
			);
			buildRules = (
			);
			dependencies = (
			);
			name = "touch-touch";
			productName = "touch-touch";
			productReference = 6B3556E21B4F07EA004E673E /* touch-touch.app */;
			productType = "com.apple.product-type.application";
		};
		6B3556FA1B4F07EA004E673E /* touch-touchTests */ = {
			isa = PBXNativeTarget;
			buildConfigurationList = 6B3557081B4F07EA004E673E /* Build configuration list for PBXNativeTarget "touch-touchTests" */;
			buildPhases = (
				6B3556F71B4F07EA004E673E /* Sources */,
				6B3556F81B4F07EA004E673E /* Frameworks */,
				6B3556F91B4F07EA004E673E /* Resources */,
			);
			buildRules = (
			);
			dependencies = (
				6B3556FD1B4F07EA004E673E /* PBXTargetDependency */,
			);
			name = "touch-touchTests";
			productName = "touch-touchTests";
			productReference = 6B3556FB1B4F07EA004E673E /* touch-touchTests.xctest */;
			productType = "com.apple.product-type.bundle.unit-test";
		};
/* End PBXNativeTarget section */

/* Begin PBXProject section */
		6B3556DA1B4F07EA004E673E /* Project object */ = {
			isa = PBXProject;
			attributes = {
				LastUpgradeCheck = 0630;
				ORGANIZATIONNAME = "Alex Zaykowski";
				TargetAttributes = {
					6B3556E11B4F07EA004E673E = {
						CreatedOnToolsVersion = 6.3.2;
					};
					6B3556FA1B4F07EA004E673E = {
						CreatedOnToolsVersion = 6.3.2;
						TestTargetID = 6B3556E11B4F07EA004E673E;
					};
				};
			};
			buildConfigurationList = 6B3556DD1B4F07EA004E673E /* Build configuration list for PBXProject "touch-touch" */;
			compatibilityVersion = "Xcode 3.2";
			developmentRegion = English;
			hasScannedForEncodings = 0;
			knownRegions = (
				en,
				Base,
			);
			mainGroup = 6B3556D91B4F07EA004E673E;
			productRefGroup = 6B3556E31B4F07EA004E673E /* Products */;
			projectDirPath = "";
			projectRoot = "";
			targets = (
				6B3556E11B4F07EA004E673E /* touch-touch */,
				6B3556FA1B4F07EA004E673E /* touch-touchTests */,
			);
		};
/* End PBXProject section */

/* Begin PBXResourcesBuildPhase section */
		6B3556E01B4F07EA004E673E /* Resources */ = {
			isa = PBXResourcesBuildPhase;
			buildActionMask = 2147483647;
			files = (
				6B3556F61B4F07EA004E673E /* LaunchScreen.xib in Resources */,
				6B3556F31B4F07EA004E673E /* Images.xcassets in Resources */,
				6B3556EA1B4F07EA004E673E /* GameScene.sks in Resources */,
				6B3556F11B4F07EA004E673E /* Main.storyboard in Resources */,
			);
			runOnlyForDeploymentPostprocessing = 0;
		};
		6B3556F91B4F07EA004E673E /* Resources */ = {
			isa = PBXResourcesBuildPhase;
			buildActionMask = 2147483647;
			files = (
			);
			runOnlyForDeploymentPostprocessing = 0;
		};
/* End PBXResourcesBuildPhase section */

/* Begin PBXSourcesBuildPhase section */
		6B3556DE1B4F07EA004E673E /* Sources */ = {
			isa = PBXSourcesBuildPhase;
			buildActionMask = 2147483647;
			files = (
				6B3556EC1B4F07EA004E673E /* GameScene.swift in Sources */,
				6B3556EE1B4F07EA004E673E /* GameViewController.swift in Sources */,
				6B3556E81B4F07EA004E673E /* AppDelegate.swift in Sources */,
			);
			runOnlyForDeploymentPostprocessing = 0;
		};
		6B3556F71B4F07EA004E673E /* Sources */ = {
			isa = PBXSourcesBuildPhase;
			buildActionMask = 2147483647;
			files = (
				6B3557021B4F07EA004E673E /* touch_touchTests.swift in Sources */,
			);
			runOnlyForDeploymentPostprocessing = 0;
		};
/* End PBXSourcesBuildPhase section */

/* Begin PBXTargetDependency section */
		6B3556FD1B4F07EA004E673E /* PBXTargetDependency */ = {
			isa = PBXTargetDependency;
			target = 6B3556E11B4F07EA004E673E /* touch-touch */;
			targetProxy = 6B3556FC1B4F07EA004E673E /* PBXContainerItemProxy */;
		};
/* End PBXTargetDependency section */

/* Begin PBXVariantGroup section */
		6B3556EF1B4F07EA004E673E /* Main.storyboard */ = {
			isa = PBXVariantGroup;
			children = (
				6B3556F01B4F07EA004E673E /* Base */,
			);
			name = Main.storyboard;
			sourceTree = "<group>";
		};
		6B3556F41B4F07EA004E673E /* LaunchScreen.xib */ = {
			isa = PBXVariantGroup;
			children = (
				6B3556F51B4F07EA004E673E /* Base */,
			);
			name = LaunchScreen.xib;
			sourceTree = "<group>";
		};
/* End PBXVariantGroup section */

/* Begin XCBuildConfiguration section */
		6B3557031B4F07EA004E673E /* Debug */ = {
			isa = XCBuildConfiguration;
			buildSettings = {
				ALWAYS_SEARCH_USER_PATHS = NO;
				CLANG_CXX_LANGUAGE_STANDARD = "gnu++0x";
				CLANG_CXX_LIBRARY = "libc++";
				CLANG_ENABLE_MODULES = YES;
				CLANG_ENABLE_OBJC_ARC = YES;
				CLANG_WARN_BOOL_CONVERSION = YES;
				CLANG_WARN_CONSTANT_CONVERSION = YES;
				CLANG_WARN_DIRECT_OBJC_ISA_USAGE = YES_ERROR;
				CLANG_WARN_EMPTY_BODY = YES;
				CLANG_WARN_ENUM_CONVERSION = YES;
				CLANG_WARN_INT_CONVERSION = YES;
				CLANG_WARN_OBJC_ROOT_CLASS = YES_ERROR;
				CLANG_WARN_UNREACHABLE_CODE = YES;
				CLANG_WARN__DUPLICATE_METHOD_MATCH = YES;
				"CODE_SIGN_IDENTITY[sdk=iphoneos*]" = "iPhone Developer";
				COPY_PHASE_STRIP = NO;
				DEBUG_INFORMATION_FORMAT = "dwarf-with-dsym";
				ENABLE_STRICT_OBJC_MSGSEND = YES;
				GCC_C_LANGUAGE_STANDARD = gnu99;
				GCC_DYNAMIC_NO_PIC = NO;
				GCC_NO_COMMON_BLOCKS = YES;
				GCC_OPTIMIZATION_LEVEL = 0;
				GCC_PREPROCESSOR_DEFINITIONS = (
					"DEBUG=1",
					"$(inherited)",
				);
				GCC_SYMBOLS_PRIVATE_EXTERN = NO;
				GCC_WARN_64_TO_32_BIT_CONVERSION = YES;
				GCC_WARN_ABOUT_RETURN_TYPE = YES_ERROR;
				GCC_WARN_UNDECLARED_SELECTOR = YES;
				GCC_WARN_UNINITIALIZED_AUTOS = YES_AGGRESSIVE;
				GCC_WARN_UNUSED_FUNCTION = YES;
				GCC_WARN_UNUSED_VARIABLE = YES;
				IPHONEOS_DEPLOYMENT_TARGET = 8.3;
				MTL_ENABLE_DEBUG_INFO = YES;
				ONLY_ACTIVE_ARCH = YES;
				SDKROOT = iphoneos;
				SWIFT_OPTIMIZATION_LEVEL = "-Onone";
				TARGETED_DEVICE_FAMILY = "1,2";
			};
			name = Debug;
		};
		6B3557041B4F07EA004E673E /* Release */ = {
			isa = XCBuildConfiguration;
			buildSettings = {
				ALWAYS_SEARCH_USER_PATHS = NO;
				CLANG_CXX_LANGUAGE_STANDARD = "gnu++0x";
				CLANG_CXX_LIBRARY = "libc++";
				CLANG_ENABLE_MODULES = YES;
				CLANG_ENABLE_OBJC_ARC = YES;
				CLANG_WARN_BOOL_CONVERSION = YES;
				CLANG_WARN_CONSTANT_CONVERSION = YES;
				CLANG_WARN_DIRECT_OBJC_ISA_USAGE = YES_ERROR;
				CLANG_WARN_EMPTY_BODY = YES;
				CLANG_WARN_ENUM_CONVERSION = YES;
				CLANG_WARN_INT_CONVERSION = YES;
				CLANG_WARN_OBJC_ROOT_CLASS = YES_ERROR;
				CLANG_WARN_UNREACHABLE_CODE = YES;
				CLANG_WARN__DUPLICATE_METHOD_MATCH = YES;
				"CODE_SIGN_IDENTITY[sdk=iphoneos*]" = "iPhone Developer";
				COPY_PHASE_STRIP = NO;
				DEBUG_INFORMATION_FORMAT = "dwarf-with-dsym";
				ENABLE_NS_ASSERTIONS = NO;
				ENABLE_STRICT_OBJC_MSGSEND = YES;
				GCC_C_LANGUAGE_STANDARD = gnu99;
				GCC_NO_COMMON_BLOCKS = YES;
				GCC_WARN_64_TO_32_BIT_CONVERSION = YES;
				GCC_WARN_ABOUT_RETURN_TYPE = YES_ERROR;
				GCC_WARN_UNDECLARED_SELECTOR = YES;
				GCC_WARN_UNINITIALIZED_AUTOS = YES_AGGRESSIVE;
				GCC_WARN_UNUSED_FUNCTION = YES;
				GCC_WARN_UNUSED_VARIABLE = YES;
				IPHONEOS_DEPLOYMENT_TARGET = 8.3;
				MTL_ENABLE_DEBUG_INFO = NO;
				SDKROOT = iphoneos;
				TARGETED_DEVICE_FAMILY = "1,2";
				VALIDATE_PRODUCT = YES;
			};
			name = Release;
		};
		6B3557061B4F07EA004E673E /* Debug */ = {
			isa = XCBuildConfiguration;
			buildSettings = {
				ASSETCATALOG_COMPILER_APPICON_NAME = AppIcon;
				INFOPLIST_FILE = "touch-touch/Info.plist";
				LD_RUNPATH_SEARCH_PATHS = "$(inherited) @executable_path/Frameworks";
				PRODUCT_NAME = "$(TARGET_NAME)";
			};
			name = Debug;
		};
		6B3557071B4F07EA004E673E /* Release */ = {
			isa = XCBuildConfiguration;
			buildSettings = {
				ASSETCATALOG_COMPILER_APPICON_NAME = AppIcon;
				INFOPLIST_FILE = "touch-touch/Info.plist";
				LD_RUNPATH_SEARCH_PATHS = "$(inherited) @executable_path/Frameworks";
				PRODUCT_NAME = "$(TARGET_NAME)";
			};
			name = Release;
		};
		6B3557091B4F07EA004E673E /* Debug */ = {
			isa = XCBuildConfiguration;
			buildSettings = {
				BUNDLE_LOADER = "$(TEST_HOST)";
				FRAMEWORK_SEARCH_PATHS = (
					"$(SDKROOT)/Developer/Library/Frameworks",
					"$(inherited)",
				);
				GCC_PREPROCESSOR_DEFINITIONS = (
					"DEBUG=1",
					"$(inherited)",
				);
				INFOPLIST_FILE = "touch-touchTests/Info.plist";
				LD_RUNPATH_SEARCH_PATHS = "$(inherited) @executable_path/Frameworks @loader_path/Frameworks";
				PRODUCT_NAME = "$(TARGET_NAME)";
				TEST_HOST = "$(BUILT_PRODUCTS_DIR)/touch-touch.app/touch-touch";
			};
			name = Debug;
		};
		6B35570A1B4F07EA004E673E /* Release */ = {
			isa = XCBuildConfiguration;
			buildSettings = {
				BUNDLE_LOADER = "$(TEST_HOST)";
				FRAMEWORK_SEARCH_PATHS = (
					"$(SDKROOT)/Developer/Library/Frameworks",
					"$(inherited)",
				);
				INFOPLIST_FILE = "touch-touchTests/Info.plist";
				LD_RUNPATH_SEARCH_PATHS = "$(inherited) @executable_path/Frameworks @loader_path/Frameworks";
				PRODUCT_NAME = "$(TARGET_NAME)";
				TEST_HOST = "$(BUILT_PRODUCTS_DIR)/touch-touch.app/touch-touch";
			};
			name = Release;
		};
/* End XCBuildConfiguration section */

/* Begin XCConfigurationList section */
		6B3556DD1B4F07EA004E673E /* Build configuration list for PBXProject "touch-touch" */ = {
			isa = XCConfigurationList;
			buildConfigurations = (
				6B3557031B4F07EA004E673E /* Debug */,
				6B3557041B4F07EA004E673E /* Release */,
			);
			defaultConfigurationIsVisible = 0;
			defaultConfigurationName = Release;
		};
		6B3557051B4F07EA004E673E /* Build configuration list for PBXNativeTarget "touch-touch" */ = {
			isa = XCConfigurationList;
			buildConfigurations = (
				6B3557061B4F07EA004E673E /* Debug */,
				6B3557071B4F07EA004E673E /* Release */,
			);
			defaultConfigurationIsVisible = 0;
		};
		6B3557081B4F07EA004E673E /* Build configuration list for PBXNativeTarget "touch-touchTests" */ = {
			isa = XCConfigurationList;
			buildConfigurations = (
				6B3557091B4F07EA004E673E /* Debug */,
				6B35570A1B4F07EA004E673E /* Release */,
			);
			defaultConfigurationIsVisible = 0;
		};
/* End XCConfigurationList section */
	};
	rootObject = 6B3556DA1B4F07EA004E673E /* Project object */;
}
